
Microsoft Visual Studio Solution File, Format Version 12.00
# Visual Studio 15
VisualStudioVersion = 15.0.26730.16
MinimumVisualStudioVersion = 10.0.40219.1
Project("{FAE04EC0-301F-11D3-BF4B-00C04F79EFBC}") = "GPSPlus", "GPSPlus\GPSPlus.csproj", "{ECE83C6A-584C-4577-9C60-C5F6F5C8302E}"
EndProject
Global
	GlobalSection(SolutionConfigurationPlatforms) = preSolution
		Debug|Any CPU = Debug|Any CPU
		Release|Any CPU = Release|Any CPU
	EndGlobalSection
	GlobalSection(ProjectConfigurationPlatforms) = postSolution
		{ECE83C6A-584C-4577-9C60-C5F6F5C8302E}.Debug|Any CPU.ActiveCfg = Debug|Any CPU
		{ECE83C6A-584C-4577-9C60-C5F6F5C8302E}.Debug|Any CPU.Build.0 = Debug|Any CPU
		{ECE83C6A-584C-4577-9C60-C5F6F5C8302E}.Release|Any CPU.ActiveCfg = Release|Any CPU
		{ECE83C6A-584C-4577-9C60-C5F6F5C8302E}.Release|Any CPU.Build.0 = Release|Any CPU
	EndGlobalSection
	GlobalSection(SolutionProperties) = preSolution
		HideSolutionNode = FALSE
	EndGlobalSection
	GlobalSection(ExtensibilityGlobals) = postSolution
		SolutionGuid = {606044F9-A69C-4C89-AB70-8D9B888AB8C3}
	EndGlobalSection
EndGlobal
